{
  "version": 4,
  "terraform_version": "0.12.18",
  "serial": 3,
  "lineage": "8e3107d3-820e-4f62-a26d-b64b481613fc",
  "outputs": {
    "vpc_id": {
      "value": "vpc-00872e702d2e255bf",
      "type": "string"
    },
    "vpc_name": {
      "value": "HCL_Dryice",
      "type": "string"
    }
  },
  "resources": [
    {
      "module": "module.vpc",
      "mode": "managed",
      "type": "aws_vpc",
      "name": "vpc1",
      "provider": "module.vpc.provider.aws",
      "instances": [
        {
          "schema_version": 1,
          "attributes": {
            "arn": "arn:aws:ec2:eu-west-1:682835670611:vpc/vpc-00872e702d2e255bf",
            "assign_generated_ipv6_cidr_block": false,
            "cidr_block": "13.0.0.0/16",
            "default_network_acl_id": "acl-0c5650500cc5a86e9",
            "default_route_table_id": "rtb-07fcc7abe00d8c05b",
            "default_security_group_id": "sg-0aad51c359d483c58",
            "dhcp_options_id": "dopt-36540850",
            "enable_classiclink": false,
            "enable_classiclink_dns_support": false,
            "enable_dns_hostnames": false,
            "enable_dns_support": true,
            "id": "vpc-00872e702d2e255bf",
            "instance_tenancy": "default",
            "ipv6_association_id": "",
            "ipv6_cidr_block": "",
            "main_route_table_id": "rtb-07fcc7abe00d8c05b",
            "owner_id": "682835670611",
            "tags": {
              "Name": "HCL_Dryice"
            }
          },
          "private": "eyJzY2hlbWFfdmVyc2lvbiI6IjEifQ=="
        }
      ]
    }
  ]
}
