{
  "version": 4,
  "terraform_version": "0.12.18",
  "serial": 7,
  "lineage": "41425e47-1a31-33ae-ae46-c09dd3324dcb",
  "outputs": {
    "HCL_Dryice_Chennai_subnet_id": {
      "value": "subnet-09bc8ea31b7dcb5c3",
      "type": "string"
    },
    "HCL_Dryice_Chennai_subnet_name": {
      "value": "HCL_Dryice_Chennai",
      "type": "string"
    },
    "HCL_Dryice_Noida_subnet_id": {
      "value": "subnet-0cd648ce69c9ce02c",
      "type": "string"
    },
    "HCL_Dryice_Noida_subnet_name": {
      "value": "HCL_Dryice_Noida",
      "type": "string"
    }
  },
  "resources": [
    {
      "module": "module.subnet1",
      "mode": "managed",
      "type": "aws_subnet",
      "name": "subnet",
      "provider": "module.subnet1.provider.aws",
      "instances": [
        {
          "schema_version": 1,
          "attributes": {
            "arn": "arn:aws:ec2:eu-west-1:682835670611:subnet/subnet-0cd648ce69c9ce02c",
            "assign_ipv6_address_on_creation": false,
            "availability_zone": "eu-west-1a",
            "availability_zone_id": "euw1-az3",
            "cidr_block": "13.0.1.0/24",
            "id": "subnet-0cd648ce69c9ce02c",
            "ipv6_cidr_block": "",
            "ipv6_cidr_block_association_id": "",
            "map_public_ip_on_launch": false,
            "owner_id": "682835670611",
            "tags": {
              "Name": "HCL_Dryice_Noida"
            },
            "timeouts": null,
            "vpc_id": "vpc-00c9cf0d5b66dce69"
          },
          "private": "eyJlMmJmYjczMC1lY2FhLTExZTYtOGY4OC0zNDM2M2JjN2M0YzAiOnsiY3JlYXRlIjo2MDAwMDAwMDAwMDAsImRlbGV0ZSI6MTIwMDAwMDAwMDAwMH0sInNjaGVtYV92ZXJzaW9uIjoiMSJ9"
        }
      ]
    },
    {
      "module": "module.subnet2",
      "mode": "managed",
      "type": "aws_subnet",
      "name": "subnet",
      "provider": "module.subnet2.provider.aws",
      "instances": [
        {
          "schema_version": 1,
          "attributes": {
            "arn": "arn:aws:ec2:eu-west-1:682835670611:subnet/subnet-09bc8ea31b7dcb5c3",
            "assign_ipv6_address_on_creation": false,
            "availability_zone": "eu-west-1b",
            "availability_zone_id": "euw1-az1",
            "cidr_block": "13.0.2.0/24",
            "id": "subnet-09bc8ea31b7dcb5c3",
            "ipv6_cidr_block": "",
            "ipv6_cidr_block_association_id": "",
            "map_public_ip_on_launch": false,
            "owner_id": "682835670611",
            "tags": {
              "Name": "HCL_Dryice_Chennai"
            },
            "timeouts": null,
            "vpc_id": "vpc-00c9cf0d5b66dce69"
          },
          "private": "eyJlMmJmYjczMC1lY2FhLTExZTYtOGY4OC0zNDM2M2JjN2M0YzAiOnsiY3JlYXRlIjo2MDAwMDAwMDAwMDAsImRlbGV0ZSI6MTIwMDAwMDAwMDAwMH0sInNjaGVtYV92ZXJzaW9uIjoiMSJ9"
        }
      ]
    }
  ]
}
