{
  "version": 4,
  "terraform_version": "0.12.18",
  "serial": 3,
  "lineage": "2618ca5f-6b7a-d4c5-8408-9fc09daa3818",
  "outputs": {
    "instance_id": {
      "value": "i-0f511a3bf15b75845",
      "type": "string"
    },
    "instance_name": {
      "value": "Myinstance",
      "type": "string"
    }
  },
  "resources": [
    {
      "module": "module.aws_instance",
      "mode": "managed",
      "type": "aws_instance",
      "name": "instance",
      "provider": "module.aws_instance.provider.aws",
      "instances": [
        {
          "schema_version": 1,
          "attributes": {
            "ami": "ami-04facb3ed127a2eb6",
            "arn": "arn:aws:ec2:eu-west-1:682835670611:instance/i-0f511a3bf15b75845",
            "associate_public_ip_address": false,
            "availability_zone": "eu-west-1b",
            "cpu_core_count": 1,
            "cpu_threads_per_core": 1,
            "credit_specification": [
              {
                "cpu_credits": "standard"
              }
            ],
            "disable_api_termination": false,
            "ebs_block_device": [],
            "ebs_optimized": false,
            "ephemeral_block_device": [],
            "get_password_data": false,
            "hibernation": false,
            "host_id": null,
            "iam_instance_profile": "",
            "id": "i-0f511a3bf15b75845",
            "instance_initiated_shutdown_behavior": null,
            "instance_state": "running",
            "instance_type": "t2.micro",
            "ipv6_address_count": 0,
            "ipv6_addresses": [],
            "key_name": "",
            "monitoring": false,
            "network_interface": [],
            "network_interface_id": null,
            "password_data": "",
            "placement_group": "",
            "primary_network_interface_id": "eni-085fe8e38c8e86907",
            "private_dns": "ip-13-0-2-175.eu-west-1.compute.internal",
            "private_ip": "13.0.2.175",
            "public_dns": "",
            "public_ip": "",
            "root_block_device": [
              {
                "delete_on_termination": true,
                "encrypted": false,
                "iops": 100,
                "kms_key_id": "",
                "volume_id": "vol-02eccd2125ac6df71",
                "volume_size": 10,
                "volume_type": "gp2"
              }
            ],
            "security_groups": [
              "sg-056081a407724cc34",
              "sg-0f83ef92dee4da2a9"
            ],
            "source_dest_check": true,
            "subnet_id": "subnet-09bc8ea31b7dcb5c3",
            "tags": {
              "Name": "Myinstance"
            },
            "tenancy": "default",
            "timeouts": null,
            "user_data": null,
            "user_data_base64": null,
            "volume_tags": {},
            "vpc_security_group_ids": [
              "sg-056081a407724cc34",
              "sg-0f83ef92dee4da2a9"
            ]
          },
          "private": "eyJlMmJmYjczMC1lY2FhLTExZTYtOGY4OC0zNDM2M2JjN2M0YzAiOnsiY3JlYXRlIjo2MDAwMDAwMDAwMDAsImRlbGV0ZSI6MTIwMDAwMDAwMDAwMCwidXBkYXRlIjo2MDAwMDAwMDAwMDB9LCJzY2hlbWFfdmVyc2lvbiI6IjEifQ=="
        }
      ]
    }
  ]
}
