{
  "version": 4,
  "terraform_version": "0.12.18",
  "serial": 3,
  "lineage": "9b82d46f-448b-dd2c-67db-a594aad93e3a",
  "outputs": {
    "nic_id": {
      "value": "eni-03ef50ca2dc6e0adc",
      "type": "string"
    },
    "nic_name": {
      "value": "nic",
      "type": "string"
    }
  },
  "resources": [
    {
      "module": "module.aws_network_instance",
      "mode": "managed",
      "type": "aws_network_interface",
      "name": "nic",
      "provider": "module.aws_network_instance.provider.aws",
      "instances": [
        {
          "schema_version": 0,
          "attributes": {
            "attachment": [
              {
                "attachment_id": "eni-attach-03079e3a31bb7bc57",
                "device_index": 1,
                "instance": "i-0f511a3bf15b75845"
              }
            ],
            "description": "",
            "id": "eni-03ef50ca2dc6e0adc",
            "mac_address": "02:80:f3:94:f3:64",
            "private_dns_name": "",
            "private_ip": "13.0.2.176",
            "private_ips": [
              "13.0.2.176"
            ],
            "private_ips_count": 0,
            "security_groups": [
              "sg-0da89dfd159a6331c"
            ],
            "source_dest_check": true,
            "subnet_id": "subnet-09bc8ea31b7dcb5c3",
            "tags": {
              "Name": "nic"
            }
          },
          "private": "bnVsbA=="
        }
      ]
    }
  ]
}
