{
  "version": 4,
  "terraform_version": "0.12.18",
  "serial": 1,
  "lineage": "f7b1a3d9-b86c-94c8-b1e8-28ffeb76ebbe",
  "outputs": {
    "volume_id": {
      "value": "aws_ebs_volume.volume1.id",
      "type": "string"
    },
    "volume_size": {
      "value": "aws_ebs_volume.volume1.tags.Name",
      "type": "string"
    }
  },
  "resources": [
    {
      "module": "module.aws_ebs_volume",
      "mode": "managed",
      "type": "aws_ebs_volume",
      "name": "volume1",
      "provider": "module.aws_ebs_volume.provider.aws",
      "instances": [
        {
          "schema_version": 0,
          "attributes": {
            "arn": "arn:aws:ec2:eu-west-1:682835670611:volume/vol-021c05d094fe1129e",
            "availability_zone": "eu-west-1a",
            "encrypted": false,
            "id": "vol-021c05d094fe1129e",
            "iops": 100,
            "kms_key_id": "",
            "size": 10,
            "snapshot_id": "",
            "tags": {
              "Name": "storage"
            },
            "type": "gp2"
          },
          "private": "bnVsbA=="
        }
      ]
    }
  ]
}
